github.com/mogita/oauth v0.0.0-20190120161732-0edf3aa70b38 h1:P0QECBeAGQ02YypyQoFNM7KJH3CGZK5//22IKCo0deI=
github.com/mogita/oauth v0.0.0-20190120161732-0edf3aa70b38/go.mod h1:5QZqmh8cNZnlQuLXWahJjkyDGLjrEMejkZxGiCh1f3g=
github.com/mogita/oauth v0.0.0-20190804151539-f4354877fe9e h1:wQ1X/DuDRHlD6Z8zjDOYsElLgk0c9kU/9pOWXHwqorE=
github.com/mogita/oauth v0.0.0-20190804151539-f4354877fe9e/go.mod h1:5QZqmh8cNZnlQuLXWahJjkyDGLjrEMejkZxGiCh1f3g=
